// !$*UTF8*$!
{
	archiveVersion = 1;
	classes = {
	};
	objectVersion = 55;
	objects = {

/* Begin PBXBuildFile section */
		6A1D1A7213EE67C64452307E /* Pods_Bekarys_Magauiya_Realm.framework in Frameworks */ = {isa = PBXBuildFile; fileRef = C2FA677150C24CFAA51CFA38 /* Pods_Bekarys_Magauiya_Realm.framework */; };
		E5E6129D2819DF4100F44BDD /* AppDelegate.swift in Sources */ = {isa = PBXBuildFile; fileRef = E5E6129C2819DF4100F44BDD /* AppDelegate.swift */; };
		E5E6129F2819DF4100F44BDD /* SceneDelegate.swift in Sources */ = {isa = PBXBuildFile; fileRef = E5E6129E2819DF4100F44BDD /* SceneDelegate.swift */; };
		E5E612A12819DF4100F44BDD /* ViewController.swift in Sources */ = {isa = PBXBuildFile; fileRef = E5E612A02819DF4100F44BDD /* ViewController.swift */; };
		E5E612A42819DF4100F44BDD /* Main.storyboard in Resources */ = {isa = PBXBuildFile; fileRef = E5E612A22819DF4100F44BDD /* Main.storyboard */; };
		E5E612A62819DF4200F44BDD /* Assets.xcassets in Resources */ = {isa = PBXBuildFile; fileRef = E5E612A52819DF4200F44BDD /* Assets.xcassets */; };
		E5E612A92819DF4200F44BDD /* LaunchScreen.storyboard in Resources */ = {isa = PBXBuildFile; fileRef = E5E612A72819DF4200F44BDD /* LaunchScreen.storyboard */; };
		E5E612B2281A6F7100F44BDD /* Todo.swift in Sources */ = {isa = PBXBuildFile; fileRef = E5E612B1281A6F7100F44BDD /* Todo.swift */; };
		E5E612B4281A715900F44BDD /* RealmManager.swift in Sources */ = {isa = PBXBuildFile; fileRef = E5E612B3281A715900F44BDD /* RealmManager.swift */; };
		E5E612B6281A7B0D00F44BDD /* AddtaskViewController.swift in Sources */ = {isa = PBXBuildFile; fileRef = E5E612B5281A7B0D00F44BDD /* AddtaskViewController.swift */; };
		E5E612B9281AA3F100F44BDD /* EditViewController.swift in Sources */ = {isa = PBXBuildFile; fileRef = E5E612B8281AA3F100F44BDD /* EditViewController.swift */; };
/* End PBXBuildFile section */

/* Begin PBXFileReference section */
		25BD4B14F5CF3C3B6310AFC9 /* Pods-Bekarys_Magauiya_Realm.debug.xcconfig */ = {isa = PBXFileReference; includeInIndex = 1; lastKnownFileType = text.xcconfig; name = "Pods-Bekarys_Magauiya_Realm.debug.xcconfig"; path = "Target Support Files/Pods-Bekarys_Magauiya_Realm/Pods-Bekarys_Magauiya_Realm.debug.xcconfig"; sourceTree = "<group>"; };
		C2FA677150C24CFAA51CFA38 /* Pods_Bekarys_Magauiya_Realm.framework */ = {isa = PBXFileReference; explicitFileType = wrapper.framework; includeInIndex = 0; path = Pods_Bekarys_Magauiya_Realm.framework; sourceTree = BUILT_PRODUCTS_DIR; };
		D7CFD86FA443B617A087CDD3 /* Pods-Bekarys_Magauiya_Realm.release.xcconfig */ = {isa = PBXFileReference; includeInIndex = 1; lastKnownFileType = text.xcconfig; name = "Pods-Bekarys_Magauiya_Realm.release.xcconfig"; path = "Target Support Files/Pods-Bekarys_Magauiya_Realm/Pods-Bekarys_Magauiya_Realm.release.xcconfig"; sourceTree = "<group>"; };
		E5E612992819DF4100F44BDD /* Bekarys_Magauiya_Realm.app */ = {isa = PBXFileReference; explicitFileType = wrapper.application; includeInIndex = 0; path = Bekarys_Magauiya_Realm.app; sourceTree = BUILT_PRODUCTS_DIR; };
		E5E6129C2819DF4100F44BDD /* AppDelegate.swift */ = {isa = PBXFileReference; lastKnownFileType = sourcecode.swift; path = AppDelegate.swift; sourceTree = "<group>"; };
		E5E6129E2819DF4100F44BDD /* SceneDelegate.swift */ = {isa = PBXFileReference; lastKnownFileType = sourcecode.swift; path = SceneDelegate.swift; sourceTree = "<group>"; };
		E5E612A02819DF4100F44BDD /* ViewController.swift */ = {isa = PBXFileReference; lastKnownFileType = sourcecode.swift; path = ViewController.swift; sourceTree = "<group>"; };
		E5E612A32819DF4100F44BDD /* Base */ = {isa = PBXFileReference; lastKnownFileType = file.storyboard; name = Base; path = Base.lproj/Main.storyboard; sourceTree = "<group>"; };
		E5E612A52819DF4200F44BDD /* Assets.xcassets */ = {isa = PBXFileReference; lastKnownFileType = folder.assetcatalog; path = Assets.xcassets; sourceTree = "<group>"; };
		E5E612A82819DF4200F44BDD /* Base */ = {isa = PBXFileReference; lastKnownFileType = file.storyboard; name = Base; path = Base.lproj/LaunchScreen.storyboard; sourceTree = "<group>"; };
		E5E612AA2819DF4200F44BDD /* Info.plist */ = {isa = PBXFileReference; lastKnownFileType = text.plist.xml; path = Info.plist; sourceTree = "<group>"; };
		E5E612B1281A6F7100F44BDD /* Todo.swift */ = {isa = PBXFileReference; lastKnownFileType = sourcecode.swift; path = Todo.swift; sourceTree = "<group>"; };
		E5E612B3281A715900F44BDD /* RealmManager.swift */ = {isa = PBXFileReference; lastKnownFileType = sourcecode.swift; path = RealmManager.swift; sourceTree = "<group>"; };
		E5E612B5281A7B0D00F44BDD /* AddtaskViewController.swift */ = {isa = PBXFileReference; lastKnownFileType = sourcecode.swift; path = AddtaskViewController.swift; sourceTree = "<group>"; };
		E5E612B8281AA3F100F44BDD /* EditViewController.swift */ = {isa = PBXFileReference; lastKnownFileType = sourcecode.swift; path = EditViewController.swift; sourceTree = "<group>"; };
/* End PBXFileReference section */

/* Begin PBXFrameworksBuildPhase section */
		E5E612962819DF4100F44BDD /* Frameworks */ = {
			isa = PBXFrameworksBuildPhase;
			buildActionMask = 2147483647;
			files = (
				6A1D1A7213EE67C64452307E /* Pods_Bekarys_Magauiya_Realm.framework in Frameworks */,
			);
			runOnlyForDeploymentPostprocessing = 0;
		};
/* End PBXFrameworksBuildPhase section */

/* Begin PBXGroup section */
		1BDE094444E9F031401E4A4A /* Frameworks */ = {
			isa = PBXGroup;
			children = (
				C2FA677150C24CFAA51CFA38 /* Pods_Bekarys_Magauiya_Realm.framework */,
			);
			name = Frameworks;
			sourceTree = "<group>";
		};
		D5E289E48064F0D9788CDA05 /* Pods */ = {
			isa = PBXGroup;
			children = (
				25BD4B14F5CF3C3B6310AFC9 /* Pods-Bekarys_Magauiya_Realm.debug.xcconfig */,
				D7CFD86FA443B617A087CDD3 /* Pods-Bekarys_Magauiya_Realm.release.xcconfig */,
			);
			path = Pods;
			sourceTree = "<group>";
		};
		E5E612902819DF4100F44BDD = {
			isa = PBXGroup;
			children = (
				E5E6129B2819DF4100F44BDD /* Bekarys_Magauiya_Realm */,
				E5E6129A2819DF4100F44BDD /* Products */,
				D5E289E48064F0D9788CDA05 /* Pods */,
				1BDE094444E9F031401E4A4A /* Frameworks */,
			);
			sourceTree = "<group>";
		};
		E5E6129A2819DF4100F44BDD /* Products */ = {
			isa = PBXGroup;
			children = (
				E5E612992819DF4100F44BDD /* Bekarys_Magauiya_Realm.app */,
			);
			name = Products;
			sourceTree = "<group>";
		};
		E5E6129B2819DF4100F44BDD /* Bekarys_Magauiya_Realm */ = {
			isa = PBXGroup;
			children = (
				E5E612BB281AB6BA00F44BDD /* Views */,
				E5E612BA281AB66900F44BDD /* Controllers */,
				E5E612B0281A6F5B00F44BDD /* Model */,
				E5E6129C2819DF4100F44BDD /* AppDelegate.swift */,
				E5E6129E2819DF4100F44BDD /* SceneDelegate.swift */,
				E5E612A52819DF4200F44BDD /* Assets.xcassets */,
				E5E612AA2819DF4200F44BDD /* Info.plist */,
			);
			path = Bekarys_Magauiya_Realm;
			sourceTree = "<group>";
		};
		E5E612B0281A6F5B00F44BDD /* Model */ = {
			isa = PBXGroup;
			children = (
				E5E612B3281A715900F44BDD /* RealmManager.swift */,
				E5E612B1281A6F7100F44BDD /* Todo.swift */,
			);
			path = Model;
			sourceTree = "<group>";
		};
		E5E612BA281AB66900F44BDD /* Controllers */ = {
			isa = PBXGroup;
			children = (
				E5E612B8281AA3F100F44BDD /* EditViewController.swift */,
				E5E612B5281A7B0D00F44BDD /* AddtaskViewController.swift */,
				E5E612A02819DF4100F44BDD /* ViewController.swift */,
			);
			path = Controllers;
			sourceTree = "<group>";
		};
		E5E612BB281AB6BA00F44BDD /* Views */ = {
			isa = PBXGroup;
			children = (
				E5E612A22819DF4100F44BDD /* Main.storyboard */,
				E5E612A72819DF4200F44BDD /* LaunchScreen.storyboard */,
			);
			path = Views;
			sourceTree = "<group>";
		};
/* End PBXGroup section */

/* Begin PBXNativeTarget section */
		E5E612982819DF4100F44BDD /* Bekarys_Magauiya_Realm */ = {
			isa = PBXNativeTarget;
			buildConfigurationList = E5E612AD2819DF4200F44BDD /* Build configuration list for PBXNativeTarget "Bekarys_Magauiya_Realm" */;
			buildPhases = (
				B8267B35F894F3B4306DCEA6 /* [CP] Check Pods Manifest.lock */,
				E5E612952819DF4100F44BDD /* Sources */,
				E5E612962819DF4100F44BDD /* Frameworks */,
				E5E612972819DF4100F44BDD /* Resources */,
				E362045E679FECB050514A95 /* [CP] Embed Pods Frameworks */,
			);
			buildRules = (
			);
			dependencies = (
			);
			name = Bekarys_Magauiya_Realm;
			productName = Bekarys_Magauiya_Realm;
			productReference = E5E612992819DF4100F44BDD /* Bekarys_Magauiya_Realm.app */;
			productType = "com.apple.product-type.application";
		};
/* End PBXNativeTarget section */

/* Begin PBXProject section */
		E5E612912819DF4100F44BDD /* Project object */ = {
			isa = PBXProject;
			attributes = {
				BuildIndependentTargetsInParallel = 1;
				LastSwiftUpdateCheck = 1310;
				LastUpgradeCheck = 1310;
				TargetAttributes = {
					E5E612982819DF4100F44BDD = {
						CreatedOnToolsVersion = 13.1;
					};
				};
			};
			buildConfigurationList = E5E612942819DF4100F44BDD /* Build configuration list for PBXProject "Bekarys_Magauiya_Realm" */;
			compatibilityVersion = "Xcode 13.0";
			developmentRegion = en;
			hasScannedForEncodings = 0;
			knownRegions = (
				en,
				Base,
			);
			mainGroup = E5E612902819DF4100F44BDD;
			productRefGroup = E5E6129A2819DF4100F44BDD /* Products */;
			projectDirPath = "";
			projectRoot = "";
			targets = (
				E5E612982819DF4100F44BDD /* Bekarys_Magauiya_Realm */,
			);
		};
/* End PBXProject section */

/* Begin PBXResourcesBuildPhase section */
		E5E612972819DF4100F44BDD /* Resources */ = {
			isa = PBXResourcesBuildPhase;
			buildActionMask = 2147483647;
			files = (
				E5E612A92819DF4200F44BDD /* LaunchScreen.storyboard in Resources */,
				E5E612A62819DF4200F44BDD /* Assets.xcassets in Resources */,
				E5E612A42819DF4100F44BDD /* Main.storyboard in Resources */,
			);
			runOnlyForDeploymentPostprocessing = 0;
		};
/* End PBXResourcesBuildPhase section */

/* Begin PBXShellScriptBuildPhase section */
		B8267B35F894F3B4306DCEA6 /* [CP] Check Pods Manifest.lock */ = {
			isa = PBXShellScriptBuildPhase;
			buildActionMask = 2147483647;
			files = (
			);
			inputFileListPaths = (
			);
			inputPaths = (
				"${PODS_PODFILE_DIR_PATH}/Podfile.lock",
				"${PODS_ROOT}/Manifest.lock",
			);
			name = "[CP] Check Pods Manifest.lock";
			outputFileListPaths = (
			);
			outputPaths = (
				"$(DERIVED_FILE_DIR)/Pods-Bekarys_Magauiya_Realm-checkManifestLockResult.txt",
			);
			runOnlyForDeploymentPostprocessing = 0;
			shellPath = /bin/sh;
			shellScript = "diff \"${PODS_PODFILE_DIR_PATH}/Podfile.lock\" \"${PODS_ROOT}/Manifest.lock\" > /dev/null\nif [ $? != 0 ] ; then\n    # print error to STDERR\n    echo \"error: The sandbox is not in sync with the Podfile.lock. Run 'pod install' or update your CocoaPods installation.\" >&2\n    exit 1\nfi\n# This output is used by Xcode 'outputs' to avoid re-running this script phase.\necho \"SUCCESS\" > \"${SCRIPT_OUTPUT_FILE_0}\"\n";
			showEnvVarsInLog = 0;
		};
		E362045E679FECB050514A95 /* [CP] Embed Pods Frameworks */ = {
			isa = PBXShellScriptBuildPhase;
			buildActionMask = 2147483647;
			files = (
			);
			inputFileListPaths = (
				"${PODS_ROOT}/Target Support Files/Pods-Bekarys_Magauiya_Realm/Pods-Bekarys_Magauiya_Realm-frameworks-${CONFIGURATION}-input-files.xcfilelist",
			);
			name = "[CP] Embed Pods Frameworks";
			outputFileListPaths = (
				"${PODS_ROOT}/Target Support Files/Pods-Bekarys_Magauiya_Realm/Pods-Bekarys_Magauiya_Realm-frameworks-${CONFIGURATION}-output-files.xcfilelist",
			);
			runOnlyForDeploymentPostprocessing = 0;
			shellPath = /bin/sh;
			shellScript = "\"${PODS_ROOT}/Target Support Files/Pods-Bekarys_Magauiya_Realm/Pods-Bekarys_Magauiya_Realm-frameworks.sh\"\n";
			showEnvVarsInLog = 0;
		};
/* End PBXShellScriptBuildPhase section */

/* Begin PBXSourcesBuildPhase section */
		E5E612952819DF4100F44BDD /* Sources */ = {
			isa = PBXSourcesBuildPhase;
			buildActionMask = 2147483647;
			files = (
				E5E612A12819DF4100F44BDD /* ViewController.swift in Sources */,
				E5E6129D2819DF4100F44BDD /* AppDelegate.swift in Sources */,
				E5E612B4281A715900F44BDD /* RealmManager.swift in Sources */,
				E5E612B6281A7B0D00F44BDD /* AddtaskViewController.swift in Sources */,
				E5E6129F2819DF4100F44BDD /* SceneDelegate.swift in Sources */,
				E5E612B2281A6F7100F44BDD /* Todo.swift in Sources */,
				E5E612B9281AA3F100F44BDD /* EditViewController.swift in Sources */,
			);
			runOnlyForDeploymentPostprocessing = 0;
		};
/* End PBXSourcesBuildPhase section */

/* Begin PBXVariantGroup section */
		E5E612A22819DF4100F44BDD /* Main.storyboard */ = {
			isa = PBXVariantGroup;
			children = (
				E5E612A32819DF4100F44BDD /* Base */,
			);
			name = Main.storyboard;
			sourceTree = "<group>";
		};
		E5E612A72819DF4200F44BDD /* LaunchScreen.storyboard */ = {
			isa = PBXVariantGroup;
			children = (
				E5E612A82819DF4200F44BDD /* Base */,
			);
			name = LaunchScreen.storyboard;
			sourceTree = "<group>";
		};
/* End PBXVariantGroup section */

/* Begin XCBuildConfiguration section */
		E5E612AB2819DF4200F44BDD /* Debug */ = {
			isa = XCBuildConfiguration;
			buildSettings = {
				ALWAYS_SEARCH_USER_PATHS = NO;
				CLANG_ANALYZER_NONNULL = YES;
				CLANG_ANALYZER_NUMBER_OBJECT_CONVERSION = YES_AGGRESSIVE;
				CLANG_CXX_LANGUAGE_STANDARD = "gnu++17";
				CLANG_CXX_LIBRARY = "libc++";
				CLANG_ENABLE_MODULES = YES;
				CLANG_ENABLE_OBJC_ARC = YES;
				CLANG_ENABLE_OBJC_WEAK = YES;
				CLANG_WARN_BLOCK_CAPTURE_AUTORELEASING = YES;
				CLANG_WARN_BOOL_CONVERSION = YES;
				CLANG_WARN_COMMA = YES;
				CLANG_WARN_CONSTANT_CONVERSION = YES;
				CLANG_WARN_DEPRECATED_OBJC_IMPLEMENTATIONS = YES;
				CLANG_WARN_DIRECT_OBJC_ISA_USAGE = YES_ERROR;
				CLANG_WARN_DOCUMENTATION_COMMENTS = YES;
				CLANG_WARN_EMPTY_BODY = YES;
				CLANG_WARN_ENUM_CONVERSION = YES;
				CLANG_WARN_INFINITE_RECURSION = YES;
				CLANG_WARN_INT_CONVERSION = YES;
				CLANG_WARN_NON_LITERAL_NULL_CONVERSION = YES;
				CLANG_WARN_OBJC_IMPLICIT_RETAIN_SELF = YES;
				CLANG_WARN_OBJC_LITERAL_CONVERSION = YES;
				CLANG_WARN_OBJC_ROOT_CLASS = YES_ERROR;
				CLANG_WARN_QUOTED_INCLUDE_IN_FRAMEWORK_HEADER = YES;
				CLANG_WARN_RANGE_LOOP_ANALYSIS = YES;
				CLANG_WARN_STRICT_PROTOTYPES = YES;
				CLANG_WARN_SUSPICIOUS_MOVE = YES;
				CLANG_WARN_UNGUARDED_AVAILABILITY = YES_AGGRESSIVE;
				CLANG_WARN_UNREACHABLE_CODE = YES;
				CLANG_WARN__DUPLICATE_METHOD_MATCH = YES;
				COPY_PHASE_STRIP = NO;
				DEBUG_INFORMATION_FORMAT = dwarf;
				ENABLE_STRICT_OBJC_MSGSEND = YES;
				ENABLE_TESTABILITY = YES;
				GCC_C_LANGUAGE_STANDARD = gnu11;
				GCC_DYNAMIC_NO_PIC = NO;
				GCC_NO_COMMON_BLOCKS = YES;
				GCC_OPTIMIZATION_LEVEL = 0;
				GCC_PREPROCESSOR_DEFINITIONS = (
					"DEBUG=1",
					"$(inherited)",
				);
				GCC_WARN_64_TO_32_BIT_CONVERSION = YES;
				GCC_WARN_ABOUT_RETURN_TYPE = YES_ERROR;
				GCC_WARN_UNDECLARED_SELECTOR = YES;
				GCC_WARN_UNINITIALIZED_AUTOS = YES_AGGRESSIVE;
				GCC_WARN_UNUSED_FUNCTION = YES;
				GCC_WARN_UNUSED_VARIABLE = YES;
				IPHONEOS_DEPLOYMENT_TARGET = 15.0;
				MTL_ENABLE_DEBUG_INFO = INCLUDE_SOURCE;
				MTL_FAST_MATH = YES;
				ONLY_ACTIVE_ARCH = YES;
				SDKROOT = iphoneos;
				SWIFT_ACTIVE_COMPILATION_CONDITIONS = DEBUG;
				SWIFT_OPTIMIZATION_LEVEL = "-Onone";
			};
			name = Debug;
		};
		E5E612AC2819DF4200F44BDD /* Release */ = {
			isa = XCBuildConfiguration;
			buildSettings = {
				ALWAYS_SEARCH_USER_PATHS = NO;
				CLANG_ANALYZER_NONNULL = YES;
				CLANG_ANALYZER_NUMBER_OBJECT_CONVERSION = YES_AGGRESSIVE;
				CLANG_CXX_LANGUAGE_STANDARD = "gnu++17";
				CLANG_CXX_LIBRARY = "libc++";
				CLANG_ENABLE_MODULES = YES;
				CLANG_ENABLE_OBJC_ARC = YES;
				CLANG_ENABLE_OBJC_WEAK = YES;
				CLANG_WARN_BLOCK_CAPTURE_AUTORELEASING = YES;
				CLANG_WARN_BOOL_CONVERSION = YES;
				CLANG_WARN_COMMA = YES;
				CLANG_WARN_CONSTANT_CONVERSION = YES;
				CLANG_WARN_DEPRECATED_OBJC_IMPLEMENTATIONS = YES;
				CLANG_WARN_DIRECT_OBJC_ISA_USAGE = YES_ERROR;
				CLANG_WARN_DOCUMENTATION_COMMENTS = YES;
				CLANG_WARN_EMPTY_BODY = YES;
				CLANG_WARN_ENUM_CONVERSION = YES;
				CLANG_WARN_INFINITE_RECURSION = YES;
				CLANG_WARN_INT_CONVERSION = YES;
				CLANG_WARN_NON_LITERAL_NULL_CONVERSION = YES;
				CLANG_WARN_OBJC_IMPLICIT_RETAIN_SELF = YES;
				CLANG_WARN_OBJC_LITERAL_CONVERSION = YES;
				CLANG_WARN_OBJC_ROOT_CLASS = YES_ERROR;
				CLANG_WARN_QUOTED_INCLUDE_IN_FRAMEWORK_HEADER = YES;
				CLANG_WARN_RANGE_LOOP_ANALYSIS = YES;
				CLANG_WARN_STRICT_PROTOTYPES = YES;
				CLANG_WARN_SUSPICIOUS_MOVE = YES;
				CLANG_WARN_UNGUARDED_AVAILABILITY = YES_AGGRESSIVE;
				CLANG_WARN_UNREACHABLE_CODE = YES;
				CLANG_WARN__DUPLICATE_METHOD_MATCH = YES;
				COPY_PHASE_STRIP = NO;
				DEBUG_INFORMATION_FORMAT = "dwarf-with-dsym";
				ENABLE_NS_ASSERTIONS = NO;
				ENABLE_STRICT_OBJC_MSGSEND = YES;
				GCC_C_LANGUAGE_STANDARD = gnu11;
				GCC_NO_COMMON_BLOCKS = YES;
				GCC_WARN_64_TO_32_BIT_CONVERSION = YES;
				GCC_WARN_ABOUT_RETURN_TYPE = YES_ERROR;
				GCC_WARN_UNDECLARED_SELECTOR = YES;
				GCC_WARN_UNINITIALIZED_AUTOS = YES_AGGRESSIVE;
				GCC_WARN_UNUSED_FUNCTION = YES;
				GCC_WARN_UNUSED_VARIABLE = YES;
				IPHONEOS_DEPLOYMENT_TARGET = 15.0;
				MTL_ENABLE_DEBUG_INFO = NO;
				MTL_FAST_MATH = YES;
				SDKROOT = iphoneos;
				SWIFT_COMPILATION_MODE = wholemodule;
				SWIFT_OPTIMIZATION_LEVEL = "-O";
				VALIDATE_PRODUCT = YES;
			};
			name = Release;
		};
		E5E612AE2819DF4200F44BDD /* Debug */ = {
			isa = XCBuildConfiguration;
			baseConfigurationReference = 25BD4B14F5CF3C3B6310AFC9 /* Pods-Bekarys_Magauiya_Realm.debug.xcconfig */;
			buildSettings = {
				ASSETCATALOG_COMPILER_APPICON_NAME = AppIcon;
				ASSETCATALOG_COMPILER_GLOBAL_ACCENT_COLOR_NAME = AccentColor;
				CODE_SIGN_STYLE = Automatic;
				CURRENT_PROJECT_VERSION = 1;
				DEVELOPMENT_TEAM = 9VS6C9W65F;
				GENERATE_INFOPLIST_FILE = YES;
				INFOPLIST_FILE = Bekarys_Magauiya_Realm/Info.plist;
				INFOPLIST_KEY_UIApplicationSupportsIndirectInputEvents = YES;
				INFOPLIST_KEY_UILaunchStoryboardName = LaunchScreen;
				INFOPLIST_KEY_UIMainStoryboardFile = Main;
				INFOPLIST_KEY_UISupportedInterfaceOrientations_iPad = "UIInterfaceOrientationPortrait UIInterfaceOrientationPortraitUpsideDown UIInterfaceOrientationLandscapeLeft UIInterfaceOrientationLandscapeRight";
				INFOPLIST_KEY_UISupportedInterfaceOrientations_iPhone = "UIInterfaceOrientationPortrait UIInterfaceOrientationLandscapeLeft UIInterfaceOrientationLandscapeRight";
				LD_RUNPATH_SEARCH_PATHS = (
					"$(inherited)",
					"@executable_path/Frameworks",
				);
				MARKETING_VERSION = 1.0;
				PRODUCT_BUNDLE_IDENTIFIER = "com.magauiya.Bekarys-Magauiya-Realm";
				PRODUCT_NAME = "$(TARGET_NAME)";
				SWIFT_EMIT_LOC_STRINGS = YES;
				SWIFT_VERSION = 5.0;
				TARGETED_DEVICE_FAMILY = "1,2";
			};
			name = Debug;
		};
		E5E612AF2819DF4200F44BDD /* Release */ = {
			isa = XCBuildConfiguration;
			baseConfigurationReference = D7CFD86FA443B617A087CDD3 /* Pods-Bekarys_Magauiya_Realm.release.xcconfig */;
			buildSettings = {
				ASSETCATALOG_COMPILER_APPICON_NAME = AppIcon;
				ASSETCATALOG_COMPILER_GLOBAL_ACCENT_COLOR_NAME = AccentColor;
				CODE_SIGN_STYLE = Automatic;
				CURRENT_PROJECT_VERSION = 1;
				DEVELOPMENT_TEAM = 9VS6C9W65F;
				GENERATE_INFOPLIST_FILE = YES;
				INFOPLIST_FILE = Bekarys_Magauiya_Realm/Info.plist;
				INFOPLIST_KEY_UIApplicationSupportsIndirectInputEvents = YES;
				INFOPLIST_KEY_UILaunchStoryboardName = LaunchScreen;
				INFOPLIST_KEY_UIMainStoryboardFile = Main;
				INFOPLIST_KEY_UISupportedInterfaceOrientations_iPad = "UIInterfaceOrientationPortrait UIInterfaceOrientationPortraitUpsideDown UIInterfaceOrientationLandscapeLeft UIInterfaceOrientationLandscapeRight";
				INFOPLIST_KEY_UISupportedInterfaceOrientations_iPhone = "UIInterfaceOrientationPortrait UIInterfaceOrientationLandscapeLeft UIInterfaceOrientationLandscapeRight";
				LD_RUNPATH_SEARCH_PATHS = (
					"$(inherited)",
					"@executable_path/Frameworks",
				);
				MARKETING_VERSION = 1.0;
				PRODUCT_BUNDLE_IDENTIFIER = "com.magauiya.Bekarys-Magauiya-Realm";
				PRODUCT_NAME = "$(TARGET_NAME)";
				SWIFT_EMIT_LOC_STRINGS = YES;
				SWIFT_VERSION = 5.0;
				TARGETED_DEVICE_FAMILY = "1,2";
			};
			name = Release;
		};
/* End XCBuildConfiguration section */

/* Begin XCConfigurationList section */
		E5E612942819DF4100F44BDD /* Build configuration list for PBXProject "Bekarys_Magauiya_Realm" */ = {
			isa = XCConfigurationList;
			buildConfigurations = (
				E5E612AB2819DF4200F44BDD /* Debug */,
				E5E612AC2819DF4200F44BDD /* Release */,
			);
			defaultConfigurationIsVisible = 0;
			defaultConfigurationName = Release;
		};
		E5E612AD2819DF4200F44BDD /* Build configuration list for PBXNativeTarget "Bekarys_Magauiya_Realm" */ = {
			isa = XCConfigurationList;
			buildConfigurations = (
				E5E612AE2819DF4200F44BDD /* Debug */,
				E5E612AF2819DF4200F44BDD /* Release */,
			);
			defaultConfigurationIsVisible = 0;
			defaultConfigurationName = Release;
		};
/* End XCConfigurationList section */
	};
	rootObject = E5E612912819DF4100F44BDD /* Project object */;
}
